
Microsoft Visual Studio Solution File, Format Version 12.00
# Visual Studio Version 16
VisualStudioVersion = 16.0.30413.136
MinimumVisualStudioVersion = 10.0.40219.1
Project("{FAE04EC0-301F-11D3-BF4B-00C04F79EFBC}") = "Lab6", "Lab6\Lab6.csproj", "{A7B306A2-6C43-43D8-ABC0-6FA44563DF96}"
EndProject
Project("{2150E333-8FDC-42A3-9474-1A3956D46DE8}") = "Solution Items", "Solution Items", "{FD76976A-4FA8-4056-A1EB-81457DB1A857}"
	ProjectSection(SolutionItems) = preProject
		.editorconfig = .editorconfig
	EndProjectSection
EndProject
Project("{FAE04EC0-301F-11D3-BF4B-00C04F79EFBC}") = "Lab6_U32", "Lab6_U32\Lab6_U32.csproj", "{936ED1D7-FEC3-4377-B5B3-ED08DF62387F}"
EndProject
Project("{FAE04EC0-301F-11D3-BF4B-00C04F79EFBC}") = "Lab6_U37", "Lab6_U37\Lab6_U37.csproj", "{E9580C77-3CF6-4C5F-B0F6-465F65BE9C50}"
EndProject
Global
	GlobalSection(SolutionConfigurationPlatforms) = preSolution
		Debug|ARM = Debug|ARM
		Debug|ARM64 = Debug|ARM64
		Debug|x64 = Debug|x64
		Debug|x86 = Debug|x86
		Release|ARM = Release|ARM
		Release|ARM64 = Release|ARM64
		Release|x64 = Release|x64
		Release|x86 = Release|x86
	EndGlobalSection
	GlobalSection(ProjectConfigurationPlatforms) = postSolution
		{A7B306A2-6C43-43D8-ABC0-6FA44563DF96}.Debug|ARM.ActiveCfg = Debug|ARM
		{A7B306A2-6C43-43D8-ABC0-6FA44563DF96}.Debug|ARM.Build.0 = Debug|ARM
		{A7B306A2-6C43-43D8-ABC0-6FA44563DF96}.Debug|ARM.Deploy.0 = Debug|ARM
		{A7B306A2-6C43-43D8-ABC0-6FA44563DF96}.Debug|ARM64.ActiveCfg = Debug|ARM64
		{A7B306A2-6C43-43D8-ABC0-6FA44563DF96}.Debug|ARM64.Build.0 = Debug|ARM64
		{A7B306A2-6C43-43D8-ABC0-6FA44563DF96}.Debug|ARM64.Deploy.0 = Debug|ARM64
		{A7B306A2-6C43-43D8-ABC0-6FA44563DF96}.Debug|x64.ActiveCfg = Debug|x64
		{A7B306A2-6C43-43D8-ABC0-6FA44563DF96}.Debug|x64.Build.0 = Debug|x64
		{A7B306A2-6C43-43D8-ABC0-6FA44563DF96}.Debug|x64.Deploy.0 = Debug|x64
		{A7B306A2-6C43-43D8-ABC0-6FA44563DF96}.Debug|x86.ActiveCfg = Debug|x86
		{A7B306A2-6C43-43D8-ABC0-6FA44563DF96}.Debug|x86.Build.0 = Debug|x86
		{A7B306A2-6C43-43D8-ABC0-6FA44563DF96}.Debug|x86.Deploy.0 = Debug|x86
		{A7B306A2-6C43-43D8-ABC0-6FA44563DF96}.Release|ARM.ActiveCfg = Release|ARM
		{A7B306A2-6C43-43D8-ABC0-6FA44563DF96}.Release|ARM.Build.0 = Release|ARM
		{A7B306A2-6C43-43D8-ABC0-6FA44563DF96}.Release|ARM.Deploy.0 = Release|ARM
		{A7B306A2-6C43-43D8-ABC0-6FA44563DF96}.Release|ARM64.ActiveCfg = Release|ARM64
		{A7B306A2-6C43-43D8-ABC0-6FA44563DF96}.Release|ARM64.Build.0 = Release|ARM64
		{A7B306A2-6C43-43D8-ABC0-6FA44563DF96}.Release|ARM64.Deploy.0 = Release|ARM64
		{A7B306A2-6C43-43D8-ABC0-6FA44563DF96}.Release|x64.ActiveCfg = Release|x64
		{A7B306A2-6C43-43D8-ABC0-6FA44563DF96}.Release|x64.Build.0 = Release|x64
		{A7B306A2-6C43-43D8-ABC0-6FA44563DF96}.Release|x64.Deploy.0 = Release|x64
		{A7B306A2-6C43-43D8-ABC0-6FA44563DF96}.Release|x86.ActiveCfg = Release|x86
		{A7B306A2-6C43-43D8-ABC0-6FA44563DF96}.Release|x86.Build.0 = Release|x86
		{A7B306A2-6C43-43D8-ABC0-6FA44563DF96}.Release|x86.Deploy.0 = Release|x86
		{936ED1D7-FEC3-4377-B5B3-ED08DF62387F}.Debug|ARM.ActiveCfg = Debug|ARM
		{936ED1D7-FEC3-4377-B5B3-ED08DF62387F}.Debug|ARM.Build.0 = Debug|ARM
		{936ED1D7-FEC3-4377-B5B3-ED08DF62387F}.Debug|ARM.Deploy.0 = Debug|ARM
		{936ED1D7-FEC3-4377-B5B3-ED08DF62387F}.Debug|ARM64.ActiveCfg = Debug|ARM64
		{936ED1D7-FEC3-4377-B5B3-ED08DF62387F}.Debug|ARM64.Build.0 = Debug|ARM64
		{936ED1D7-FEC3-4377-B5B3-ED08DF62387F}.Debug|ARM64.Deploy.0 = Debug|ARM64
		{936ED1D7-FEC3-4377-B5B3-ED08DF62387F}.Debug|x64.ActiveCfg = Debug|x64
		{936ED1D7-FEC3-4377-B5B3-ED08DF62387F}.Debug|x64.Build.0 = Debug|x64
		{936ED1D7-FEC3-4377-B5B3-ED08DF62387F}.Debug|x64.Deploy.0 = Debug|x64
		{936ED1D7-FEC3-4377-B5B3-ED08DF62387F}.Debug|x86.ActiveCfg = Debug|x86
		{936ED1D7-FEC3-4377-B5B3-ED08DF62387F}.Debug|x86.Build.0 = Debug|x86
		{936ED1D7-FEC3-4377-B5B3-ED08DF62387F}.Debug|x86.Deploy.0 = Debug|x86
		{936ED1D7-FEC3-4377-B5B3-ED08DF62387F}.Release|ARM.ActiveCfg = Release|ARM
		{936ED1D7-FEC3-4377-B5B3-ED08DF62387F}.Release|ARM.Build.0 = Release|ARM
		{936ED1D7-FEC3-4377-B5B3-ED08DF62387F}.Release|ARM.Deploy.0 = Release|ARM
		{936ED1D7-FEC3-4377-B5B3-ED08DF62387F}.Release|ARM64.ActiveCfg = Release|ARM64
		{936ED1D7-FEC3-4377-B5B3-ED08DF62387F}.Release|ARM64.Build.0 = Release|ARM64
		{936ED1D7-FEC3-4377-B5B3-ED08DF62387F}.Release|ARM64.Deploy.0 = Release|ARM64
		{936ED1D7-FEC3-4377-B5B3-ED08DF62387F}.Release|x64.ActiveCfg = Release|x64
		{936ED1D7-FEC3-4377-B5B3-ED08DF62387F}.Release|x64.Build.0 = Release|x64
		{936ED1D7-FEC3-4377-B5B3-ED08DF62387F}.Release|x64.Deploy.0 = Release|x64
		{936ED1D7-FEC3-4377-B5B3-ED08DF62387F}.Release|x86.ActiveCfg = Release|x86
		{936ED1D7-FEC3-4377-B5B3-ED08DF62387F}.Release|x86.Build.0 = Release|x86
		{936ED1D7-FEC3-4377-B5B3-ED08DF62387F}.Release|x86.Deploy.0 = Release|x86
		{E9580C77-3CF6-4C5F-B0F6-465F65BE9C50}.Debug|ARM.ActiveCfg = Debug|ARM
		{E9580C77-3CF6-4C5F-B0F6-465F65BE9C50}.Debug|ARM.Build.0 = Debug|ARM
		{E9580C77-3CF6-4C5F-B0F6-465F65BE9C50}.Debug|ARM.Deploy.0 = Debug|ARM
		{E9580C77-3CF6-4C5F-B0F6-465F65BE9C50}.Debug|ARM64.ActiveCfg = Debug|ARM64
		{E9580C77-3CF6-4C5F-B0F6-465F65BE9C50}.Debug|ARM64.Build.0 = Debug|ARM64
		{E9580C77-3CF6-4C5F-B0F6-465F65BE9C50}.Debug|ARM64.Deploy.0 = Debug|ARM64
		{E9580C77-3CF6-4C5F-B0F6-465F65BE9C50}.Debug|x64.ActiveCfg = Debug|x64
		{E9580C77-3CF6-4C5F-B0F6-465F65BE9C50}.Debug|x64.Build.0 = Debug|x64
		{E9580C77-3CF6-4C5F-B0F6-465F65BE9C50}.Debug|x64.Deploy.0 = Debug|x64
		{E9580C77-3CF6-4C5F-B0F6-465F65BE9C50}.Debug|x86.ActiveCfg = Debug|x86
		{E9580C77-3CF6-4C5F-B0F6-465F65BE9C50}.Debug|x86.Build.0 = Debug|x86
		{E9580C77-3CF6-4C5F-B0F6-465F65BE9C50}.Debug|x86.Deploy.0 = Debug|x86
		{E9580C77-3CF6-4C5F-B0F6-465F65BE9C50}.Release|ARM.ActiveCfg = Release|ARM
		{E9580C77-3CF6-4C5F-B0F6-465F65BE9C50}.Release|ARM.Build.0 = Release|ARM
		{E9580C77-3CF6-4C5F-B0F6-465F65BE9C50}.Release|ARM.Deploy.0 = Release|ARM
		{E9580C77-3CF6-4C5F-B0F6-465F65BE9C50}.Release|ARM64.ActiveCfg = Release|ARM64
		{E9580C77-3CF6-4C5F-B0F6-465F65BE9C50}.Release|ARM64.Build.0 = Release|ARM64
		{E9580C77-3CF6-4C5F-B0F6-465F65BE9C50}.Release|ARM64.Deploy.0 = Release|ARM64
		{E9580C77-3CF6-4C5F-B0F6-465F65BE9C50}.Release|x64.ActiveCfg = Release|x64
		{E9580C77-3CF6-4C5F-B0F6-465F65BE9C50}.Release|x64.Build.0 = Release|x64
		{E9580C77-3CF6-4C5F-B0F6-465F65BE9C50}.Release|x64.Deploy.0 = Release|x64
		{E9580C77-3CF6-4C5F-B0F6-465F65BE9C50}.Release|x86.ActiveCfg = Release|x86
		{E9580C77-3CF6-4C5F-B0F6-465F65BE9C50}.Release|x86.Build.0 = Release|x86
		{E9580C77-3CF6-4C5F-B0F6-465F65BE9C50}.Release|x86.Deploy.0 = Release|x86
	EndGlobalSection
	GlobalSection(SolutionProperties) = preSolution
		HideSolutionNode = FALSE
	EndGlobalSection
	GlobalSection(ExtensibilityGlobals) = postSolution
		SolutionGuid = {AB255B95-8F36-4DE2-AED2-D5E3F66E86E2}
	EndGlobalSection
EndGlobal
